// !$*UTF8*$!
{
	archiveVersion = 1;
	classes = {
	};
	objectVersion = 48;
	objects = {

/* Begin PBXBuildFile section */
		7FE55045220391B300F291BD /* AppDelegate.swift in Sources */ = {isa = PBXBuildFile; fileRef = 7FE55044220391B300F291BD /* AppDelegate.swift */; };
		7FE55047220391B300F291BD /* ViewController.swift in Sources */ = {isa = PBXBuildFile; fileRef = 7FE55046220391B300F291BD /* ViewController.swift */; };
		7FE5504A220391B300F291BD /* Main.storyboard in Resources */ = {isa = PBXBuildFile; fileRef = 7FE55048220391B300F291BD /* Main.storyboard */; };
		7FE5504C220391B300F291BD /* Assets.xcassets in Resources */ = {isa = PBXBuildFile; fileRef = 7FE5504B220391B300F291BD /* Assets.xcassets */; };
		7FE5504F220391B300F291BD /* LaunchScreen.storyboard in Resources */ = {isa = PBXBuildFile; fileRef = 7FE5504D220391B300F291BD /* LaunchScreen.storyboard */; };
		7FE5505A220391B300F291BD /* IfElseStatementsTests.swift in Sources */ = {isa = PBXBuildFile; fileRef = 7FE55059220391B300F291BD /* IfElseStatementsTests.swift */; };
		7FE55065220391B300F291BD /* IfElseStatementsUITests.swift in Sources */ = {isa = PBXBuildFile; fileRef = 7FE55064220391B300F291BD /* IfElseStatementsUITests.swift */; };
/* End PBXBuildFile section */

/* Begin PBXContainerItemProxy section */
		7FE55056220391B300F291BD /* PBXContainerItemProxy */ = {
			isa = PBXContainerItemProxy;
			containerPortal = 7FE55039220391B300F291BD /* Project object */;
			proxyType = 1;
			remoteGlobalIDString = 7FE55040220391B300F291BD;
			remoteInfo = IfElseStatements;
		};
		7FE55061220391B300F291BD /* PBXContainerItemProxy */ = {
			isa = PBXContainerItemProxy;
			containerPortal = 7FE55039220391B300F291BD /* Project object */;
			proxyType = 1;
			remoteGlobalIDString = 7FE55040220391B300F291BD;
			remoteInfo = IfElseStatements;
		};
/* End PBXContainerItemProxy section */

/* Begin PBXFileReference section */
		7FE55041220391B300F291BD /* IfElseStatements.app */ = {isa = PBXFileReference; explicitFileType = wrapper.application; includeInIndex = 0; path = IfElseStatements.app; sourceTree = BUILT_PRODUCTS_DIR; };
		7FE55044220391B300F291BD /* AppDelegate.swift */ = {isa = PBXFileReference; lastKnownFileType = sourcecode.swift; path = AppDelegate.swift; sourceTree = "<group>"; };
		7FE55046220391B300F291BD /* ViewController.swift */ = {isa = PBXFileReference; lastKnownFileType = sourcecode.swift; path = ViewController.swift; sourceTree = "<group>"; };
		7FE55049220391B300F291BD /* Base */ = {isa = PBXFileReference; lastKnownFileType = file.storyboard; name = Base; path = Base.lproj/Main.storyboard; sourceTree = "<group>"; };
		7FE5504B220391B300F291BD /* Assets.xcassets */ = {isa = PBXFileReference; lastKnownFileType = folder.assetcatalog; path = Assets.xcassets; sourceTree = "<group>"; };
		7FE5504E220391B300F291BD /* Base */ = {isa = PBXFileReference; lastKnownFileType = file.storyboard; name = Base; path = Base.lproj/LaunchScreen.storyboard; sourceTree = "<group>"; };
		7FE55050220391B300F291BD /* Info.plist */ = {isa = PBXFileReference; lastKnownFileType = text.plist.xml; path = Info.plist; sourceTree = "<group>"; };
		7FE55055220391B300F291BD /* IfElseStatementsTests.xctest */ = {isa = PBXFileReference; explicitFileType = wrapper.cfbundle; includeInIndex = 0; path = IfElseStatementsTests.xctest; sourceTree = BUILT_PRODUCTS_DIR; };
		7FE55059220391B300F291BD /* IfElseStatementsTests.swift */ = {isa = PBXFileReference; lastKnownFileType = sourcecode.swift; path = IfElseStatementsTests.swift; sourceTree = "<group>"; };
		7FE5505B220391B300F291BD /* Info.plist */ = {isa = PBXFileReference; lastKnownFileType = text.plist.xml; path = Info.plist; sourceTree = "<group>"; };
		7FE55060220391B300F291BD /* IfElseStatementsUITests.xctest */ = {isa = PBXFileReference; explicitFileType = wrapper.cfbundle; includeInIndex = 0; path = IfElseStatementsUITests.xctest; sourceTree = BUILT_PRODUCTS_DIR; };
		7FE55064220391B300F291BD /* IfElseStatementsUITests.swift */ = {isa = PBXFileReference; lastKnownFileType = sourcecode.swift; path = IfElseStatementsUITests.swift; sourceTree = "<group>"; };
		7FE55066220391B300F291BD /* Info.plist */ = {isa = PBXFileReference; lastKnownFileType = text.plist.xml; path = Info.plist; sourceTree = "<group>"; };
/* End PBXFileReference section */

/* Begin PBXFrameworksBuildPhase section */
		7FE5503E220391B300F291BD /* Frameworks */ = {
			isa = PBXFrameworksBuildPhase;
			buildActionMask = 2147483647;
			files = (
			);
			runOnlyForDeploymentPostprocessing = 0;
		};
		7FE55052220391B300F291BD /* Frameworks */ = {
			isa = PBXFrameworksBuildPhase;
			buildActionMask = 2147483647;
			files = (
			);
			runOnlyForDeploymentPostprocessing = 0;
		};
		7FE5505D220391B300F291BD /* Frameworks */ = {
			isa = PBXFrameworksBuildPhase;
			buildActionMask = 2147483647;
			files = (
			);
			runOnlyForDeploymentPostprocessing = 0;
		};
/* End PBXFrameworksBuildPhase section */

/* Begin PBXGroup section */
		7FE55038220391B300F291BD = {
			isa = PBXGroup;
			children = (
				7FE55043220391B300F291BD /* IfElseStatements */,
				7FE55058220391B300F291BD /* IfElseStatementsTests */,
				7FE55063220391B300F291BD /* IfElseStatementsUITests */,
				7FE55042220391B300F291BD /* Products */,
			);
			sourceTree = "<group>";
		};
		7FE55042220391B300F291BD /* Products */ = {
			isa = PBXGroup;
			children = (
				7FE55041220391B300F291BD /* IfElseStatements.app */,
				7FE55055220391B300F291BD /* IfElseStatementsTests.xctest */,
				7FE55060220391B300F291BD /* IfElseStatementsUITests.xctest */,
			);
			name = Products;
			sourceTree = "<group>";
		};
		7FE55043220391B300F291BD /* IfElseStatements */ = {
			isa = PBXGroup;
			children = (
				7FE55044220391B300F291BD /* AppDelegate.swift */,
				7FE55046220391B300F291BD /* ViewController.swift */,
				7FE55048220391B300F291BD /* Main.storyboard */,
				7FE5504B220391B300F291BD /* Assets.xcassets */,
				7FE5504D220391B300F291BD /* LaunchScreen.storyboard */,
				7FE55050220391B300F291BD /* Info.plist */,
			);
			path = IfElseStatements;
			sourceTree = "<group>";
		};
		7FE55058220391B300F291BD /* IfElseStatementsTests */ = {
			isa = PBXGroup;
			children = (
				7FE55059220391B300F291BD /* IfElseStatementsTests.swift */,
				7FE5505B220391B300F291BD /* Info.plist */,
			);
			path = IfElseStatementsTests;
			sourceTree = "<group>";
		};
		7FE55063220391B300F291BD /* IfElseStatementsUITests */ = {
			isa = PBXGroup;
			children = (
				7FE55064220391B300F291BD /* IfElseStatementsUITests.swift */,
				7FE55066220391B300F291BD /* Info.plist */,
			);
			path = IfElseStatementsUITests;
			sourceTree = "<group>";
		};
/* End PBXGroup section */

/* Begin PBXNativeTarget section */
		7FE55040220391B300F291BD /* IfElseStatements */ = {
			isa = PBXNativeTarget;
			buildConfigurationList = 7FE55069220391B300F291BD /* Build configuration list for PBXNativeTarget "IfElseStatements" */;
			buildPhases = (
				7FE5503D220391B300F291BD /* Sources */,
				7FE5503E220391B300F291BD /* Frameworks */,
				7FE5503F220391B300F291BD /* Resources */,
			);
			buildRules = (
			);
			dependencies = (
			);
			name = IfElseStatements;
			productName = IfElseStatements;
			productReference = 7FE55041220391B300F291BD /* IfElseStatements.app */;
			productType = "com.apple.product-type.application";
		};
		7FE55054220391B300F291BD /* IfElseStatementsTests */ = {
			isa = PBXNativeTarget;
			buildConfigurationList = 7FE5506C220391B300F291BD /* Build configuration list for PBXNativeTarget "IfElseStatementsTests" */;
			buildPhases = (
				7FE55051220391B300F291BD /* Sources */,
				7FE55052220391B300F291BD /* Frameworks */,
				7FE55053220391B300F291BD /* Resources */,
			);
			buildRules = (
			);
			dependencies = (
				7FE55057220391B300F291BD /* PBXTargetDependency */,
			);
			name = IfElseStatementsTests;
			productName = IfElseStatementsTests;
			productReference = 7FE55055220391B300F291BD /* IfElseStatementsTests.xctest */;
			productType = "com.apple.product-type.bundle.unit-test";
		};
		7FE5505F220391B300F291BD /* IfElseStatementsUITests */ = {
			isa = PBXNativeTarget;
			buildConfigurationList = 7FE5506F220391B300F291BD /* Build configuration list for PBXNativeTarget "IfElseStatementsUITests" */;
			buildPhases = (
				7FE5505C220391B300F291BD /* Sources */,
				7FE5505D220391B300F291BD /* Frameworks */,
				7FE5505E220391B300F291BD /* Resources */,
			);
			buildRules = (
			);
			dependencies = (
				7FE55062220391B300F291BD /* PBXTargetDependency */,
			);
			name = IfElseStatementsUITests;
			productName = IfElseStatementsUITests;
			productReference = 7FE55060220391B300F291BD /* IfElseStatementsUITests.xctest */;
			productType = "com.apple.product-type.bundle.ui-testing";
		};
/* End PBXNativeTarget section */

/* Begin PBXProject section */
		7FE55039220391B300F291BD /* Project object */ = {
			isa = PBXProject;
			attributes = {
				LastSwiftUpdateCheck = 0920;
				LastUpgradeCheck = 0920;
				ORGANIZATIONNAME = "CM Student";
				TargetAttributes = {
					7FE55040220391B300F291BD = {
						CreatedOnToolsVersion = 9.2;
						ProvisioningStyle = Automatic;
					};
					7FE55054220391B300F291BD = {
						CreatedOnToolsVersion = 9.2;
						ProvisioningStyle = Automatic;
						TestTargetID = 7FE55040220391B300F291BD;
					};
					7FE5505F220391B300F291BD = {
						CreatedOnToolsVersion = 9.2;
						ProvisioningStyle = Automatic;
						TestTargetID = 7FE55040220391B300F291BD;
					};
				};
			};
			buildConfigurationList = 7FE5503C220391B300F291BD /* Build configuration list for PBXProject "IfElseStatements" */;
			compatibilityVersion = "Xcode 8.0";
			developmentRegion = en;
			hasScannedForEncodings = 0;
			knownRegions = (
				en,
				Base,
			);
			mainGroup = 7FE55038220391B300F291BD;
			productRefGroup = 7FE55042220391B300F291BD /* Products */;
			projectDirPath = "";
			projectRoot = "";
			targets = (
				7FE55040220391B300F291BD /* IfElseStatements */,
				7FE55054220391B300F291BD /* IfElseStatementsTests */,
				7FE5505F220391B300F291BD /* IfElseStatementsUITests */,
			);
		};
/* End PBXProject section */

/* Begin PBXResourcesBuildPhase section */
		7FE5503F220391B300F291BD /* Resources */ = {
			isa = PBXResourcesBuildPhase;
			buildActionMask = 2147483647;
			files = (
				7FE5504F220391B300F291BD /* LaunchScreen.storyboard in Resources */,
				7FE5504C220391B300F291BD /* Assets.xcassets in Resources */,
				7FE5504A220391B300F291BD /* Main.storyboard in Resources */,
			);
			runOnlyForDeploymentPostprocessing = 0;
		};
		7FE55053220391B300F291BD /* Resources */ = {
			isa = PBXResourcesBuildPhase;
			buildActionMask = 2147483647;
			files = (
			);
			runOnlyForDeploymentPostprocessing = 0;
		};
		7FE5505E220391B300F291BD /* Resources */ = {
			isa = PBXResourcesBuildPhase;
			buildActionMask = 2147483647;
			files = (
			);
			runOnlyForDeploymentPostprocessing = 0;
		};
/* End PBXResourcesBuildPhase section */

/* Begin PBXSourcesBuildPhase section */
		7FE5503D220391B300F291BD /* Sources */ = {
			isa = PBXSourcesBuildPhase;
			buildActionMask = 2147483647;
			files = (
				7FE55047220391B300F291BD /* ViewController.swift in Sources */,
				7FE55045220391B300F291BD /* AppDelegate.swift in Sources */,
			);
			runOnlyForDeploymentPostprocessing = 0;
		};
		7FE55051220391B300F291BD /* Sources */ = {
			isa = PBXSourcesBuildPhase;
			buildActionMask = 2147483647;
			files = (
				7FE5505A220391B300F291BD /* IfElseStatementsTests.swift in Sources */,
			);
			runOnlyForDeploymentPostprocessing = 0;
		};
		7FE5505C220391B300F291BD /* Sources */ = {
			isa = PBXSourcesBuildPhase;
			buildActionMask = 2147483647;
			files = (
				7FE55065220391B300F291BD /* IfElseStatementsUITests.swift in Sources */,
			);
			runOnlyForDeploymentPostprocessing = 0;
		};
/* End PBXSourcesBuildPhase section */

/* Begin PBXTargetDependency section */
		7FE55057220391B300F291BD /* PBXTargetDependency */ = {
			isa = PBXTargetDependency;
			target = 7FE55040220391B300F291BD /* IfElseStatements */;
			targetProxy = 7FE55056220391B300F291BD /* PBXContainerItemProxy */;
		};
		7FE55062220391B300F291BD /* PBXTargetDependency */ = {
			isa = PBXTargetDependency;
			target = 7FE55040220391B300F291BD /* IfElseStatements */;
			targetProxy = 7FE55061220391B300F291BD /* PBXContainerItemProxy */;
		};
/* End PBXTargetDependency section */

/* Begin PBXVariantGroup section */
		7FE55048220391B300F291BD /* Main.storyboard */ = {
			isa = PBXVariantGroup;
			children = (
				7FE55049220391B300F291BD /* Base */,
			);
			name = Main.storyboard;
			sourceTree = "<group>";
		};
		7FE5504D220391B300F291BD /* LaunchScreen.storyboard */ = {
			isa = PBXVariantGroup;
			children = (
				7FE5504E220391B300F291BD /* Base */,
			);
			name = LaunchScreen.storyboard;
			sourceTree = "<group>";
		};
/* End PBXVariantGroup section */

/* Begin XCBuildConfiguration section */
		7FE55067220391B300F291BD /* Debug */ = {
			isa = XCBuildConfiguration;
			buildSettings = {
				ALWAYS_SEARCH_USER_PATHS = NO;
				CLANG_ANALYZER_NONNULL = YES;
				CLANG_ANALYZER_NUMBER_OBJECT_CONVERSION = YES_AGGRESSIVE;
				CLANG_CXX_LANGUAGE_STANDARD = "gnu++14";
				CLANG_CXX_LIBRARY = "libc++";
				CLANG_ENABLE_MODULES = YES;
				CLANG_ENABLE_OBJC_ARC = YES;
				CLANG_WARN_BLOCK_CAPTURE_AUTORELEASING = YES;
				CLANG_WARN_BOOL_CONVERSION = YES;
				CLANG_WARN_COMMA = YES;
				CLANG_WARN_CONSTANT_CONVERSION = YES;
				CLANG_WARN_DIRECT_OBJC_ISA_USAGE = YES_ERROR;
				CLANG_WARN_DOCUMENTATION_COMMENTS = YES;
				CLANG_WARN_EMPTY_BODY = YES;
				CLANG_WARN_ENUM_CONVERSION = YES;
				CLANG_WARN_INFINITE_RECURSION = YES;
				CLANG_WARN_INT_CONVERSION = YES;
				CLANG_WARN_NON_LITERAL_NULL_CONVERSION = YES;
				CLANG_WARN_OBJC_LITERAL_CONVERSION = YES;
				CLANG_WARN_OBJC_ROOT_CLASS = YES_ERROR;
				CLANG_WARN_RANGE_LOOP_ANALYSIS = YES;
				CLANG_WARN_STRICT_PROTOTYPES = YES;
				CLANG_WARN_SUSPICIOUS_MOVE = YES;
				CLANG_WARN_UNGUARDED_AVAILABILITY = YES_AGGRESSIVE;
				CLANG_WARN_UNREACHABLE_CODE = YES;
				CLANG_WARN__DUPLICATE_METHOD_MATCH = YES;
				CODE_SIGN_IDENTITY = "iPhone Developer";
				COPY_PHASE_STRIP = NO;
				DEBUG_INFORMATION_FORMAT = dwarf;
				ENABLE_STRICT_OBJC_MSGSEND = YES;
				ENABLE_TESTABILITY = YES;
				GCC_C_LANGUAGE_STANDARD = gnu11;
				GCC_DYNAMIC_NO_PIC = NO;
				GCC_NO_COMMON_BLOCKS = YES;
				GCC_OPTIMIZATION_LEVEL = 0;
				GCC_PREPROCESSOR_DEFINITIONS = (
					"DEBUG=1",
					"$(inherited)",
				);
				GCC_WARN_64_TO_32_BIT_CONVERSION = YES;
				GCC_WARN_ABOUT_RETURN_TYPE = YES_ERROR;
				GCC_WARN_UNDECLARED_SELECTOR = YES;
				GCC_WARN_UNINITIALIZED_AUTOS = YES_AGGRESSIVE;
				GCC_WARN_UNUSED_FUNCTION = YES;
				GCC_WARN_UNUSED_VARIABLE = YES;
				IPHONEOS_DEPLOYMENT_TARGET = 11.2;
				MTL_ENABLE_DEBUG_INFO = YES;
				ONLY_ACTIVE_ARCH = YES;
				SDKROOT = iphoneos;
				SWIFT_ACTIVE_COMPILATION_CONDITIONS = DEBUG;
				SWIFT_OPTIMIZATION_LEVEL = "-Onone";
			};
			name = Debug;
		};
		7FE55068220391B300F291BD /* Release */ = {
			isa = XCBuildConfiguration;
			buildSettings = {
				ALWAYS_SEARCH_USER_PATHS = NO;
				CLANG_ANALYZER_NONNULL = YES;
				CLANG_ANALYZER_NUMBER_OBJECT_CONVERSION = YES_AGGRESSIVE;
				CLANG_CXX_LANGUAGE_STANDARD = "gnu++14";
				CLANG_CXX_LIBRARY = "libc++";
				CLANG_ENABLE_MODULES = YES;
				CLANG_ENABLE_OBJC_ARC = YES;
				CLANG_WARN_BLOCK_CAPTURE_AUTORELEASING = YES;
				CLANG_WARN_BOOL_CONVERSION = YES;
				CLANG_WARN_COMMA = YES;
				CLANG_WARN_CONSTANT_CONVERSION = YES;
				CLANG_WARN_DIRECT_OBJC_ISA_USAGE = YES_ERROR;
				CLANG_WARN_DOCUMENTATION_COMMENTS = YES;
				CLANG_WARN_EMPTY_BODY = YES;
				CLANG_WARN_ENUM_CONVERSION = YES;
				CLANG_WARN_INFINITE_RECURSION = YES;
				CLANG_WARN_INT_CONVERSION = YES;
				CLANG_WARN_NON_LITERAL_NULL_CONVERSION = YES;
				CLANG_WARN_OBJC_LITERAL_CONVERSION = YES;
				CLANG_WARN_OBJC_ROOT_CLASS = YES_ERROR;
				CLANG_WARN_RANGE_LOOP_ANALYSIS = YES;
				CLANG_WARN_STRICT_PROTOTYPES = YES;
				CLANG_WARN_SUSPICIOUS_MOVE = YES;
				CLANG_WARN_UNGUARDED_AVAILABILITY = YES_AGGRESSIVE;
				CLANG_WARN_UNREACHABLE_CODE = YES;
				CLANG_WARN__DUPLICATE_METHOD_MATCH = YES;
				CODE_SIGN_IDENTITY = "iPhone Developer";
				COPY_PHASE_STRIP = NO;
				DEBUG_INFORMATION_FORMAT = "dwarf-with-dsym";
				ENABLE_NS_ASSERTIONS = NO;
				ENABLE_STRICT_OBJC_MSGSEND = YES;
				GCC_C_LANGUAGE_STANDARD = gnu11;
				GCC_NO_COMMON_BLOCKS = YES;
				GCC_WARN_64_TO_32_BIT_CONVERSION = YES;
				GCC_WARN_ABOUT_RETURN_TYPE = YES_ERROR;
				GCC_WARN_UNDECLARED_SELECTOR = YES;
				GCC_WARN_UNINITIALIZED_AUTOS = YES_AGGRESSIVE;
				GCC_WARN_UNUSED_FUNCTION = YES;
				GCC_WARN_UNUSED_VARIABLE = YES;
				IPHONEOS_DEPLOYMENT_TARGET = 11.2;
				MTL_ENABLE_DEBUG_INFO = NO;
				SDKROOT = iphoneos;
				SWIFT_OPTIMIZATION_LEVEL = "-Owholemodule";
				VALIDATE_PRODUCT = YES;
			};
			name = Release;
		};
		7FE5506A220391B300F291BD /* Debug */ = {
			isa = XCBuildConfiguration;
			buildSettings = {
				ASSETCATALOG_COMPILER_APPICON_NAME = AppIcon;
				CODE_SIGN_STYLE = Automatic;
				INFOPLIST_FILE = IfElseStatements/Info.plist;
				LD_RUNPATH_SEARCH_PATHS = "$(inherited) @executable_path/Frameworks";
				PRODUCT_BUNDLE_IDENTIFIER = "jordan-ballesteros.IfElseStatements";
				PRODUCT_NAME = "$(TARGET_NAME)";
				SWIFT_VERSION = 4.0;
				TARGETED_DEVICE_FAMILY = "1,2";
			};
			name = Debug;
		};
		7FE5506B220391B300F291BD /* Release */ = {
			isa = XCBuildConfiguration;
			buildSettings = {
				ASSETCATALOG_COMPILER_APPICON_NAME = AppIcon;
				CODE_SIGN_STYLE = Automatic;
				INFOPLIST_FILE = IfElseStatements/Info.plist;
				LD_RUNPATH_SEARCH_PATHS = "$(inherited) @executable_path/Frameworks";
				PRODUCT_BUNDLE_IDENTIFIER = "jordan-ballesteros.IfElseStatements";
				PRODUCT_NAME = "$(TARGET_NAME)";
				SWIFT_VERSION = 4.0;
				TARGETED_DEVICE_FAMILY = "1,2";
			};
			name = Release;
		};
		7FE5506D220391B300F291BD /* Debug */ = {
			isa = XCBuildConfiguration;
			buildSettings = {
				ALWAYS_EMBED_SWIFT_STANDARD_LIBRARIES = YES;
				BUNDLE_LOADER = "$(TEST_HOST)";
				CODE_SIGN_STYLE = Automatic;
				INFOPLIST_FILE = IfElseStatementsTests/Info.plist;
				LD_RUNPATH_SEARCH_PATHS = "$(inherited) @executable_path/Frameworks @loader_path/Frameworks";
				PRODUCT_BUNDLE_IDENTIFIER = "jordan-ballesteros.IfElseStatementsTests";
				PRODUCT_NAME = "$(TARGET_NAME)";
				SWIFT_VERSION = 4.0;
				TARGETED_DEVICE_FAMILY = "1,2";
				TEST_HOST = "$(BUILT_PRODUCTS_DIR)/IfElseStatements.app/IfElseStatements";
			};
			name = Debug;
		};
		7FE5506E220391B300F291BD /* Release */ = {
			isa = XCBuildConfiguration;
			buildSettings = {
				ALWAYS_EMBED_SWIFT_STANDARD_LIBRARIES = YES;
				BUNDLE_LOADER = "$(TEST_HOST)";
				CODE_SIGN_STYLE = Automatic;
				INFOPLIST_FILE = IfElseStatementsTests/Info.plist;
				LD_RUNPATH_SEARCH_PATHS = "$(inherited) @executable_path/Frameworks @loader_path/Frameworks";
				PRODUCT_BUNDLE_IDENTIFIER = "jordan-ballesteros.IfElseStatementsTests";
				PRODUCT_NAME = "$(TARGET_NAME)";
				SWIFT_VERSION = 4.0;
				TARGETED_DEVICE_FAMILY = "1,2";
				TEST_HOST = "$(BUILT_PRODUCTS_DIR)/IfElseStatements.app/IfElseStatements";
			};
			name = Release;
		};
		7FE55070220391B300F291BD /* Debug */ = {
			isa = XCBuildConfiguration;
			buildSettings = {
				ALWAYS_EMBED_SWIFT_STANDARD_LIBRARIES = YES;
				CODE_SIGN_STYLE = Automatic;
				INFOPLIST_FILE = IfElseStatementsUITests/Info.plist;
				LD_RUNPATH_SEARCH_PATHS = "$(inherited) @executable_path/Frameworks @loader_path/Frameworks";
				PRODUCT_BUNDLE_IDENTIFIER = "jordan-ballesteros.IfElseStatementsUITests";
				PRODUCT_NAME = "$(TARGET_NAME)";
				SWIFT_VERSION = 4.0;
				TARGETED_DEVICE_FAMILY = "1,2";
				TEST_TARGET_NAME = IfElseStatements;
			};
			name = Debug;
		};
		7FE55071220391B300F291BD /* Release */ = {
			isa = XCBuildConfiguration;
			buildSettings = {
				ALWAYS_EMBED_SWIFT_STANDARD_LIBRARIES = YES;
				CODE_SIGN_STYLE = Automatic;
				INFOPLIST_FILE = IfElseStatementsUITests/Info.plist;
				LD_RUNPATH_SEARCH_PATHS = "$(inherited) @executable_path/Frameworks @loader_path/Frameworks";
				PRODUCT_BUNDLE_IDENTIFIER = "jordan-ballesteros.IfElseStatementsUITests";
				PRODUCT_NAME = "$(TARGET_NAME)";
				SWIFT_VERSION = 4.0;
				TARGETED_DEVICE_FAMILY = "1,2";
				TEST_TARGET_NAME = IfElseStatements;
			};
			name = Release;
		};
/* End XCBuildConfiguration section */

/* Begin XCConfigurationList section */
		7FE5503C220391B300F291BD /* Build configuration list for PBXProject "IfElseStatements" */ = {
			isa = XCConfigurationList;
			buildConfigurations = (
				7FE55067220391B300F291BD /* Debug */,
				7FE55068220391B300F291BD /* Release */,
			);
			defaultConfigurationIsVisible = 0;
			defaultConfigurationName = Release;
		};
		7FE55069220391B300F291BD /* Build configuration list for PBXNativeTarget "IfElseStatements" */ = {
			isa = XCConfigurationList;
			buildConfigurations = (
				7FE5506A220391B300F291BD /* Debug */,
				7FE5506B220391B300F291BD /* Release */,
			);
			defaultConfigurationIsVisible = 0;
			defaultConfigurationName = Release;
		};
		7FE5506C220391B300F291BD /* Build configuration list for PBXNativeTarget "IfElseStatementsTests" */ = {
			isa = XCConfigurationList;
			buildConfigurations = (
				7FE5506D220391B300F291BD /* Debug */,
				7FE5506E220391B300F291BD /* Release */,
			);
			defaultConfigurationIsVisible = 0;
			defaultConfigurationName = Release;
		};
		7FE5506F220391B300F291BD /* Build configuration list for PBXNativeTarget "IfElseStatementsUITests" */ = {
			isa = XCConfigurationList;
			buildConfigurations = (
				7FE55070220391B300F291BD /* Debug */,
				7FE55071220391B300F291BD /* Release */,
			);
			defaultConfigurationIsVisible = 0;
			defaultConfigurationName = Release;
		};
/* End XCConfigurationList section */
	};
	rootObject = 7FE55039220391B300F291BD /* Project object */;
}
